{
    "_readme": [
        "This file locks the dependencies of your project to a known state",
        "Read more about it at https://getcomposer.org/doc/01-basic-usage.md#composer-lock-the-lock-file",
        "This file is @generated automatically"
    ],
    "hash": "2ff77604fa10b9698f235ed240d1dd21",
    "content-hash": "65958a1ddc8e64482cd2d9cd8cc97f52",
    "packages": [
        {
            "name": "opis/database",
            "version": "3.6.8",
            "source": {
                "type": "git",
                "url": "https://github.com/opis/database.git",
                "reference": "44d114a2e1f0cf970577a6cf6c8a2c9f9bf281d4"
            },
            "dist": {
                "type": "zip",
                "url": "https://api.github.com/repos/opis/database/zipball/44d114a2e1f0cf970577a6cf6c8a2c9f9bf281d4",
                "reference": "44d114a2e1f0cf970577a6cf6c8a2c9f9bf281d4",
                "shasum": ""
            },
            "require": {
                "php": ">=5.3.0"
            },
            "require-dev": {
                "phpunit/phpunit": "3.7.*"
            },
            "type": "library",
            "autoload": {
                "psr-4": {
                    "Opis\\Database\\": "lib/"
                }
            },
            "notification-url": "https://packagist.org/downloads/",
            "license": [
                "Apache-2.0"
            ],
            "authors": [
                {
                    "name": "Marius Sarca",
                    "email": "marius.sarca@gmail.com"
                }
            ],
            "description": "Opis Database is a library that provides an abstraction layer over several database systems, offering a standard way of handling database records and thus, making the differences between various SQL dialects irrelevant for developers.",
            "homepage": "http://opis.io",
            "keywords": [
                "abstraction",
                "database",
                "db2",
                "firebird",
                "models",
                "mysql",
                "nuodb",
                "oracle",
                "orm",
                "postgre",
                "query",
                "query builder",
                "schema",
                "schema builder",
                "sql",
                "sql server",
                "sqlite"
            ],
            "time": "2016-08-14 20:29:50"
        }
    ],
    "packages-dev": [],
    "aliases": [],
    "minimum-stability": "stable",
    "stability-flags": [],
    "prefer-stable": false,
    "prefer-lowest": false,
    "platform": [],
    "platform-dev": []
}
